
Microsoft Visual Studio Solution File, Format Version 11.00
# Visual Studio 2010
Project("{FAE04EC0-301F-11D3-BF4B-00C04F79EFBC}") = "QLBSX_DAL_WS", "QLBSX_DAL_WS\QLBSX_DAL_WS.csproj", "{74F858AC-4015-458E-B143-20626BBC59BC}"
EndProject
Global
	GlobalSection(SolutionConfigurationPlatforms) = preSolution
		Debug|Any CPU = Debug|Any CPU
		Release|Any CPU = Release|Any CPU
	EndGlobalSection
	GlobalSection(ProjectConfigurationPlatforms) = postSolution
		{74F858AC-4015-458E-B143-20626BBC59BC}.Debug|Any CPU.ActiveCfg = Debug|Any CPU
		{74F858AC-4015-458E-B143-20626BBC59BC}.Debug|Any CPU.Build.0 = Debug|Any CPU
		{74F858AC-4015-458E-B143-20626BBC59BC}.Release|Any CPU.ActiveCfg = Release|Any CPU
		{74F858AC-4015-458E-B143-20626BBC59BC}.Release|Any CPU.Build.0 = Release|Any CPU
	EndGlobalSection
	GlobalSection(SolutionProperties) = preSolution
		HideSolutionNode = FALSE
	EndGlobalSection
EndGlobal
